
Microsoft Visual Studio Solution File, Format Version 12.00
# Visual Studio Version 16
VisualStudioVersion = 16.0.29911.98
MinimumVisualStudioVersion = 10.0.40219.1
Project("{FAE04EC0-301F-11D3-BF4B-00C04F79EFBC}") = "Coravel-Demo-ConsoleApp", "Coravel-Demo-ConsoleApp\Coravel-Demo-ConsoleApp.csproj", "{E1366821-0902-4076-BDCE-1A353DA68724}"
EndProject
Project("{E53339B2-1760-4266-BCC7-CA923CBCF16C}") = "docker-compose", "docker-compose.dcproj", "{A6892103-9CF0-4674-B6D6-8AD4DC892255}"
EndProject
Global
	GlobalSection(SolutionConfigurationPlatforms) = preSolution
		Debug|Any CPU = Debug|Any CPU
		Release|Any CPU = Release|Any CPU
	EndGlobalSection
	GlobalSection(ProjectConfigurationPlatforms) = postSolution
		{E1366821-0902-4076-BDCE-1A353DA68724}.Debug|Any CPU.ActiveCfg = Debug|Any CPU
		{E1366821-0902-4076-BDCE-1A353DA68724}.Debug|Any CPU.Build.0 = Debug|Any CPU
		{E1366821-0902-4076-BDCE-1A353DA68724}.Release|Any CPU.ActiveCfg = Release|Any CPU
		{E1366821-0902-4076-BDCE-1A353DA68724}.Release|Any CPU.Build.0 = Release|Any CPU
		{A6892103-9CF0-4674-B6D6-8AD4DC892255}.Debug|Any CPU.ActiveCfg = Debug|Any CPU
		{A6892103-9CF0-4674-B6D6-8AD4DC892255}.Debug|Any CPU.Build.0 = Debug|Any CPU
		{A6892103-9CF0-4674-B6D6-8AD4DC892255}.Release|Any CPU.ActiveCfg = Release|Any CPU
		{A6892103-9CF0-4674-B6D6-8AD4DC892255}.Release|Any CPU.Build.0 = Release|Any CPU
	EndGlobalSection
	GlobalSection(SolutionProperties) = preSolution
		HideSolutionNode = FALSE
	EndGlobalSection
	GlobalSection(ExtensibilityGlobals) = postSolution
		SolutionGuid = {36655D3E-C163-490A-80F1-78CB6ED11C8D}
	EndGlobalSection
EndGlobal
